// !$*UTF8*$!
{
	archiveVersion = 1;
	classes = {
	};
	objectVersion = 46;
	objects = {

/* Begin PBXBuildFile section */
		1805CB611ED2FDA800A3ED6E /* AppDelegate.swift in Sources */ = {isa = PBXBuildFile; fileRef = 1805CB601ED2FDA800A3ED6E /* AppDelegate.swift */; };
		1805CB631ED2FDA800A3ED6E /* ViewController.swift in Sources */ = {isa = PBXBuildFile; fileRef = 1805CB621ED2FDA800A3ED6E /* ViewController.swift */; };
		1805CB661ED2FDA900A3ED6E /* Main.storyboard in Resources */ = {isa = PBXBuildFile; fileRef = 1805CB641ED2FDA900A3ED6E /* Main.storyboard */; };
		1805CB681ED2FDA900A3ED6E /* Assets.xcassets in Resources */ = {isa = PBXBuildFile; fileRef = 1805CB671ED2FDA900A3ED6E /* Assets.xcassets */; };
		1805CB6B1ED2FDA900A3ED6E /* LaunchScreen.storyboard in Resources */ = {isa = PBXBuildFile; fileRef = 1805CB691ED2FDA900A3ED6E /* LaunchScreen.storyboard */; };
		18CF3E711ED8123C0084D6AF /* events.plist in Resources */ = {isa = PBXBuildFile; fileRef = 18CF3E701ED8123C0084D6AF /* events.plist */; };
		18CF3E731ED81D4C0084D6AF /* Events.swift in Sources */ = {isa = PBXBuildFile; fileRef = 18CF3E721ED81D4C0084D6AF /* Events.swift */; };
		18FA51051EE841B000046442 /* ResultsController.swift in Sources */ = {isa = PBXBuildFile; fileRef = 18FA51041EE841B000046442 /* ResultsController.swift */; };
/* End PBXBuildFile section */

/* Begin PBXFileReference section */
		1805CB5D1ED2FDA800A3ED6E /* Bout Time.app */ = {isa = PBXFileReference; explicitFileType = wrapper.application; includeInIndex = 0; path = "Bout Time.app"; sourceTree = BUILT_PRODUCTS_DIR; };
		1805CB601ED2FDA800A3ED6E /* AppDelegate.swift */ = {isa = PBXFileReference; lastKnownFileType = sourcecode.swift; path = AppDelegate.swift; sourceTree = "<group>"; };
		1805CB621ED2FDA800A3ED6E /* ViewController.swift */ = {isa = PBXFileReference; lastKnownFileType = sourcecode.swift; path = ViewController.swift; sourceTree = "<group>"; };
		1805CB651ED2FDA900A3ED6E /* Base */ = {isa = PBXFileReference; lastKnownFileType = file.storyboard; name = Base; path = Base.lproj/Main.storyboard; sourceTree = "<group>"; };
		1805CB671ED2FDA900A3ED6E /* Assets.xcassets */ = {isa = PBXFileReference; lastKnownFileType = folder.assetcatalog; path = Assets.xcassets; sourceTree = "<group>"; };
		1805CB6A1ED2FDA900A3ED6E /* Base */ = {isa = PBXFileReference; lastKnownFileType = file.storyboard; name = Base; path = Base.lproj/LaunchScreen.storyboard; sourceTree = "<group>"; };
		1805CB6C1ED2FDA900A3ED6E /* Info.plist */ = {isa = PBXFileReference; lastKnownFileType = text.plist.xml; path = Info.plist; sourceTree = "<group>"; };
		18CF3E701ED8123C0084D6AF /* events.plist */ = {isa = PBXFileReference; fileEncoding = 4; lastKnownFileType = text.plist.xml; path = events.plist; sourceTree = "<group>"; };
		18CF3E721ED81D4C0084D6AF /* Events.swift */ = {isa = PBXFileReference; fileEncoding = 4; lastKnownFileType = sourcecode.swift; path = Events.swift; sourceTree = "<group>"; };
		18FA51041EE841B000046442 /* ResultsController.swift */ = {isa = PBXFileReference; fileEncoding = 4; lastKnownFileType = sourcecode.swift; path = ResultsController.swift; sourceTree = "<group>"; };
/* End PBXFileReference section */

/* Begin PBXFrameworksBuildPhase section */
		1805CB5A1ED2FDA800A3ED6E /* Frameworks */ = {
			isa = PBXFrameworksBuildPhase;
			buildActionMask = 2147483647;
			files = (
			);
			runOnlyForDeploymentPostprocessing = 0;
		};
/* End PBXFrameworksBuildPhase section */

/* Begin PBXGroup section */
		1805CB541ED2FDA800A3ED6E = {
			isa = PBXGroup;
			children = (
				1805CB5F1ED2FDA800A3ED6E /* Bout Time */,
				1805CB5E1ED2FDA800A3ED6E /* Products */,
			);
			sourceTree = "<group>";
		};
		1805CB5E1ED2FDA800A3ED6E /* Products */ = {
			isa = PBXGroup;
			children = (
				1805CB5D1ED2FDA800A3ED6E /* Bout Time.app */,
			);
			name = Products;
			sourceTree = "<group>";
		};
		1805CB5F1ED2FDA800A3ED6E /* Bout Time */ = {
			isa = PBXGroup;
			children = (
				1805CB601ED2FDA800A3ED6E /* AppDelegate.swift */,
				1805CB621ED2FDA800A3ED6E /* ViewController.swift */,
				1805CB641ED2FDA900A3ED6E /* Main.storyboard */,
				18FA51041EE841B000046442 /* ResultsController.swift */,
				1805CB671ED2FDA900A3ED6E /* Assets.xcassets */,
				1805CB691ED2FDA900A3ED6E /* LaunchScreen.storyboard */,
				1805CB6C1ED2FDA900A3ED6E /* Info.plist */,
				18CF3E701ED8123C0084D6AF /* events.plist */,
				18CF3E721ED81D4C0084D6AF /* Events.swift */,
			);
			path = "Bout Time";
			sourceTree = "<group>";
		};
/* End PBXGroup section */

/* Begin PBXNativeTarget section */
		1805CB5C1ED2FDA800A3ED6E /* Bout Time */ = {
			isa = PBXNativeTarget;
			buildConfigurationList = 1805CB6F1ED2FDA900A3ED6E /* Build configuration list for PBXNativeTarget "Bout Time" */;
			buildPhases = (
				1805CB591ED2FDA800A3ED6E /* Sources */,
				1805CB5A1ED2FDA800A3ED6E /* Frameworks */,
				1805CB5B1ED2FDA800A3ED6E /* Resources */,
			);
			buildRules = (
			);
			dependencies = (
			);
			name = "Bout Time";
			productName = "Bout Time";
			productReference = 1805CB5D1ED2FDA800A3ED6E /* Bout Time.app */;
			productType = "com.apple.product-type.application";
		};
/* End PBXNativeTarget section */

/* Begin PBXProject section */
		1805CB551ED2FDA800A3ED6E /* Project object */ = {
			isa = PBXProject;
			attributes = {
				LastSwiftUpdateCheck = 0820;
				LastUpgradeCheck = 0820;
				ORGANIZATIONNAME = "Angus Muller";
				TargetAttributes = {
					1805CB5C1ED2FDA800A3ED6E = {
						CreatedOnToolsVersion = 8.2.1;
						DevelopmentTeam = W47864AP4M;
						ProvisioningStyle = Automatic;
					};
				};
			};
			buildConfigurationList = 1805CB581ED2FDA800A3ED6E /* Build configuration list for PBXProject "Bout Time" */;
			compatibilityVersion = "Xcode 3.2";
			developmentRegion = English;
			hasScannedForEncodings = 0;
			knownRegions = (
				en,
				Base,
			);
			mainGroup = 1805CB541ED2FDA800A3ED6E;
			productRefGroup = 1805CB5E1ED2FDA800A3ED6E /* Products */;
			projectDirPath = "";
			projectRoot = "";
			targets = (
				1805CB5C1ED2FDA800A3ED6E /* Bout Time */,
			);
		};
/* End PBXProject section */

/* Begin PBXResourcesBuildPhase section */
		1805CB5B1ED2FDA800A3ED6E /* Resources */ = {
			isa = PBXResourcesBuildPhase;
			buildActionMask = 2147483647;
			files = (
				1805CB6B1ED2FDA900A3ED6E /* LaunchScreen.storyboard in Resources */,
				1805CB681ED2FDA900A3ED6E /* Assets.xcassets in Resources */,
				1805CB661ED2FDA900A3ED6E /* Main.storyboard in Resources */,
				18CF3E711ED8123C0084D6AF /* events.plist in Resources */,
			);
			runOnlyForDeploymentPostprocessing = 0;
		};
/* End PBXResourcesBuildPhase section */

/* Begin PBXSourcesBuildPhase section */
		1805CB591ED2FDA800A3ED6E /* Sources */ = {
			isa = PBXSourcesBuildPhase;
			buildActionMask = 2147483647;
			files = (
				18FA51051EE841B000046442 /* ResultsController.swift in Sources */,
				18CF3E731ED81D4C0084D6AF /* Events.swift in Sources */,
				1805CB631ED2FDA800A3ED6E /* ViewController.swift in Sources */,
				1805CB611ED2FDA800A3ED6E /* AppDelegate.swift in Sources */,
			);
			runOnlyForDeploymentPostprocessing = 0;
		};
/* End PBXSourcesBuildPhase section */

/* Begin PBXVariantGroup section */
		1805CB641ED2FDA900A3ED6E /* Main.storyboard */ = {
			isa = PBXVariantGroup;
			children = (
				1805CB651ED2FDA900A3ED6E /* Base */,
			);
			name = Main.storyboard;
			sourceTree = "<group>";
		};
		1805CB691ED2FDA900A3ED6E /* LaunchScreen.storyboard */ = {
			isa = PBXVariantGroup;
			children = (
				1805CB6A1ED2FDA900A3ED6E /* Base */,
			);
			name = LaunchScreen.storyboard;
			sourceTree = "<group>";
		};
/* End PBXVariantGroup section */

/* Begin XCBuildConfiguration section */
		1805CB6D1ED2FDA900A3ED6E /* Debug */ = {
			isa = XCBuildConfiguration;
			buildSettings = {
				ALWAYS_SEARCH_USER_PATHS = NO;
				CLANG_ANALYZER_NONNULL = YES;
				CLANG_CXX_LANGUAGE_STANDARD = "gnu++0x";
				CLANG_CXX_LIBRARY = "libc++";
				CLANG_ENABLE_MODULES = YES;
				CLANG_ENABLE_OBJC_ARC = YES;
				CLANG_WARN_BOOL_CONVERSION = YES;
				CLANG_WARN_CONSTANT_CONVERSION = YES;
				CLANG_WARN_DIRECT_OBJC_ISA_USAGE = YES_ERROR;
				CLANG_WARN_DOCUMENTATION_COMMENTS = YES;
				CLANG_WARN_EMPTY_BODY = YES;
				CLANG_WARN_ENUM_CONVERSION = YES;
				CLANG_WARN_INFINITE_RECURSION = YES;
				CLANG_WARN_INT_CONVERSION = YES;
				CLANG_WARN_OBJC_ROOT_CLASS = YES_ERROR;
				CLANG_WARN_SUSPICIOUS_MOVE = YES;
				CLANG_WARN_UNREACHABLE_CODE = YES;
				CLANG_WARN__DUPLICATE_METHOD_MATCH = YES;
				"CODE_SIGN_IDENTITY[sdk=iphoneos*]" = "iPhone Developer";
				COPY_PHASE_STRIP = NO;
				DEBUG_INFORMATION_FORMAT = dwarf;
				ENABLE_STRICT_OBJC_MSGSEND = YES;
				ENABLE_TESTABILITY = YES;
				GCC_C_LANGUAGE_STANDARD = gnu99;
				GCC_DYNAMIC_NO_PIC = NO;
				GCC_NO_COMMON_BLOCKS = YES;
				GCC_OPTIMIZATION_LEVEL = 0;
				GCC_PREPROCESSOR_DEFINITIONS = (
					"DEBUG=1",
					"$(inherited)",
				);
				GCC_WARN_64_TO_32_BIT_CONVERSION = YES;
				GCC_WARN_ABOUT_RETURN_TYPE = YES_ERROR;
				GCC_WARN_UNDECLARED_SELECTOR = YES;
				GCC_WARN_UNINITIALIZED_AUTOS = YES_AGGRESSIVE;
				GCC_WARN_UNUSED_FUNCTION = YES;
				GCC_WARN_UNUSED_VARIABLE = YES;
				IPHONEOS_DEPLOYMENT_TARGET = 10.2;
				MTL_ENABLE_DEBUG_INFO = YES;
				ONLY_ACTIVE_ARCH = YES;
				SDKROOT = iphoneos;
				SWIFT_ACTIVE_COMPILATION_CONDITIONS = DEBUG;
				SWIFT_OPTIMIZATION_LEVEL = "-Onone";
			};
			name = Debug;
		};
		1805CB6E1ED2FDA900A3ED6E /* Release */ = {
			isa = XCBuildConfiguration;
			buildSettings = {
				ALWAYS_SEARCH_USER_PATHS = NO;
				CLANG_ANALYZER_NONNULL = YES;
				CLANG_CXX_LANGUAGE_STANDARD = "gnu++0x";
				CLANG_CXX_LIBRARY = "libc++";
				CLANG_ENABLE_MODULES = YES;
				CLANG_ENABLE_OBJC_ARC = YES;
				CLANG_WARN_BOOL_CONVERSION = YES;
				CLANG_WARN_CONSTANT_CONVERSION = YES;
				CLANG_WARN_DIRECT_OBJC_ISA_USAGE = YES_ERROR;
				CLANG_WARN_DOCUMENTATION_COMMENTS = YES;
				CLANG_WARN_EMPTY_BODY = YES;
				CLANG_WARN_ENUM_CONVERSION = YES;
				CLANG_WARN_INFINITE_RECURSION = YES;
				CLANG_WARN_INT_CONVERSION = YES;
				CLANG_WARN_OBJC_ROOT_CLASS = YES_ERROR;
				CLANG_WARN_SUSPICIOUS_MOVE = YES;
				CLANG_WARN_UNREACHABLE_CODE = YES;
				CLANG_WARN__DUPLICATE_METHOD_MATCH = YES;
				"CODE_SIGN_IDENTITY[sdk=iphoneos*]" = "iPhone Developer";
				COPY_PHASE_STRIP = NO;
				DEBUG_INFORMATION_FORMAT = "dwarf-with-dsym";
				ENABLE_NS_ASSERTIONS = NO;
				ENABLE_STRICT_OBJC_MSGSEND = YES;
				GCC_C_LANGUAGE_STANDARD = gnu99;
				GCC_NO_COMMON_BLOCKS = YES;
				GCC_WARN_64_TO_32_BIT_CONVERSION = YES;
				GCC_WARN_ABOUT_RETURN_TYPE = YES_ERROR;
				GCC_WARN_UNDECLARED_SELECTOR = YES;
				GCC_WARN_UNINITIALIZED_AUTOS = YES_AGGRESSIVE;
				GCC_WARN_UNUSED_FUNCTION = YES;
				GCC_WARN_UNUSED_VARIABLE = YES;
				IPHONEOS_DEPLOYMENT_TARGET = 10.2;
				MTL_ENABLE_DEBUG_INFO = NO;
				SDKROOT = iphoneos;
				SWIFT_OPTIMIZATION_LEVEL = "-Owholemodule";
				VALIDATE_PRODUCT = YES;
			};
			name = Release;
		};
		1805CB701ED2FDA900A3ED6E /* Debug */ = {
			isa = XCBuildConfiguration;
			buildSettings = {
				ASSETCATALOG_COMPILER_APPICON_NAME = AppIcon;
				DEVELOPMENT_TEAM = W47864AP4M;
				INFOPLIST_FILE = "Bout Time/Info.plist";
				LD_RUNPATH_SEARCH_PATHS = "$(inherited) @executable_path/Frameworks";
				PRODUCT_BUNDLE_IDENTIFIER = "angusmuller.Bout-Time";
				PRODUCT_NAME = "$(TARGET_NAME)";
				SWIFT_VERSION = 3.0;
			};
			name = Debug;
		};
		1805CB711ED2FDA900A3ED6E /* Release */ = {
			isa = XCBuildConfiguration;
			buildSettings = {
				ASSETCATALOG_COMPILER_APPICON_NAME = AppIcon;
				DEVELOPMENT_TEAM = W47864AP4M;
				INFOPLIST_FILE = "Bout Time/Info.plist";
				LD_RUNPATH_SEARCH_PATHS = "$(inherited) @executable_path/Frameworks";
				PRODUCT_BUNDLE_IDENTIFIER = "angusmuller.Bout-Time";
				PRODUCT_NAME = "$(TARGET_NAME)";
				SWIFT_VERSION = 3.0;
			};
			name = Release;
		};
/* End XCBuildConfiguration section */

/* Begin XCConfigurationList section */
		1805CB581ED2FDA800A3ED6E /* Build configuration list for PBXProject "Bout Time" */ = {
			isa = XCConfigurationList;
			buildConfigurations = (
				1805CB6D1ED2FDA900A3ED6E /* Debug */,
				1805CB6E1ED2FDA900A3ED6E /* Release */,
			);
			defaultConfigurationIsVisible = 0;
			defaultConfigurationName = Release;
		};
		1805CB6F1ED2FDA900A3ED6E /* Build configuration list for PBXNativeTarget "Bout Time" */ = {
			isa = XCConfigurationList;
			buildConfigurations = (
				1805CB701ED2FDA900A3ED6E /* Debug */,
				1805CB711ED2FDA900A3ED6E /* Release */,
			);
			defaultConfigurationIsVisible = 0;
			defaultConfigurationName = Release;
		};
/* End XCConfigurationList section */
	};
	rootObject = 1805CB551ED2FDA800A3ED6E /* Project object */;
}
